// !$*UTF8*$!
{
	archiveVersion = 1;
	classes = {
	};
	objectVersion = 46;
	objects = {

/* Begin PBXBuildFile section */
		4E3B835B18C4F3BD005E5ABF /* CRT_Icon.icns in Resources */ = {isa = PBXBuildFile; fileRef = 4E3B835A18C4F3BD005E5ABF /* CRT_Icon.icns */; };
		4E7C04FA18B2232100C0633E /* CRT_SettingsDelegate.m in Sources */ = {isa = PBXBuildFile; fileRef = 4E7C04F918B2232100C0633E /* CRT_SettingsDelegate.m */; };
		4EBD2F8018B147F70093A21F /* Cocoa.framework in Frameworks */ = {isa = PBXBuildFile; fileRef = DD4F7C0813C30F9F00825C6E /* Cocoa.framework */; };
		4EBD2F9418B147F70093A21F /* Images.xcassets in Resources */ = {isa = PBXBuildFile; fileRef = 4EBD2F9318B147F70093A21F /* Images.xcassets */; };
		4EBD2FC918B148340093A21F /* ApplicationDelegate.m in Sources */ = {isa = PBXBuildFile; fileRef = 4EBD2FAD18B148340093A21F /* ApplicationDelegate.m */; };
		4EBD2FCA18B148340093A21F /* BackgroundView.m in Sources */ = {isa = PBXBuildFile; fileRef = 4EBD2FAF18B148340093A21F /* BackgroundView.m */; };
		4EBD2FCF18B148340093A21F /* main.m in Sources */ = {isa = PBXBuildFile; fileRef = 4EBD2FB918B148340093A21F /* main.m */; };
		4EBD2FD018B148340093A21F /* MenubarController.m in Sources */ = {isa = PBXBuildFile; fileRef = 4EBD2FBB18B148340093A21F /* MenubarController.m */; };
		4EBD2FD118B148340093A21F /* Panel.m in Sources */ = {isa = PBXBuildFile; fileRef = 4EBD2FBD18B148340093A21F /* Panel.m */; };
		4EBD2FD218B148340093A21F /* Panel.xib in Resources */ = {isa = PBXBuildFile; fileRef = 4EBD2FBE18B148340093A21F /* Panel.xib */; };
		4EBD2FD318B148340093A21F /* PanelController.m in Sources */ = {isa = PBXBuildFile; fileRef = 4EBD2FC018B148340093A21F /* PanelController.m */; };
		4EBD2FD518B148340093A21F /* Status.png in Resources */ = {isa = PBXBuildFile; fileRef = 4EBD2FC318B148340093A21F /* Status.png */; };
		4EBD2FD618B148340093A21F /* Status@2x.png in Resources */ = {isa = PBXBuildFile; fileRef = 4EBD2FC418B148340093A21F /* Status@2x.png */; };
		4EBD2FD718B148340093A21F /* StatusHighlighted.png in Resources */ = {isa = PBXBuildFile; fileRef = 4EBD2FC518B148340093A21F /* StatusHighlighted.png */; };
		4EBD2FD818B148340093A21F /* StatusHighlighted@2x.png in Resources */ = {isa = PBXBuildFile; fileRef = 4EBD2FC618B148340093A21F /* StatusHighlighted@2x.png */; };
		4EBD2FD918B148340093A21F /* StatusItemView.m in Sources */ = {isa = PBXBuildFile; fileRef = 4EBD2FC818B148340093A21F /* StatusItemView.m */; };
		4EBD2FE418B1485E0093A21F /* CRT_Delegate.m in Sources */ = {isa = PBXBuildFile; fileRef = 4EBD2FDC18B1485E0093A21F /* CRT_Delegate.m */; };
		4EBD2FE518B1485E0093A21F /* NSFileManager+DirectoryLocations.m in Sources */ = {isa = PBXBuildFile; fileRef = 4EBD2FDE18B1485E0093A21F /* NSFileManager+DirectoryLocations.m */; };
		4EBD2FE618B1485E0093A21F /* README.md in Resources */ = {isa = PBXBuildFile; fileRef = 4EBD2FDF18B1485E0093A21F /* README.md */; };
		4EBD2FE718B1485E0093A21F /* TableData.m in Sources */ = {isa = PBXBuildFile; fileRef = 4EBD2FE118B1485E0093A21F /* TableData.m */; };
		4EBD2FE818B1485E0093A21F /* TableRow.m in Sources */ = {isa = PBXBuildFile; fileRef = 4EBD2FE318B1485E0093A21F /* TableRow.m */; };
		4EBD2FEE18B149DB0093A21F /* MainMenu.xib in Resources */ = {isa = PBXBuildFile; fileRef = 4EBD2FED18B149DB0093A21F /* MainMenu.xib */; };
/* End PBXBuildFile section */

/* Begin PBXFileReference section */
		4E3B835A18C4F3BD005E5ABF /* CRT_Icon.icns */ = {isa = PBXFileReference; lastKnownFileType = image.icns; path = CRT_Icon.icns; sourceTree = "<group>"; };
		4E7C04F818B2232100C0633E /* CRT_SettingsDelegate.h */ = {isa = PBXFileReference; fileEncoding = 4; lastKnownFileType = sourcecode.c.h; path = CRT_SettingsDelegate.h; sourceTree = "<group>"; };
		4E7C04F918B2232100C0633E /* CRT_SettingsDelegate.m */ = {isa = PBXFileReference; fileEncoding = 4; lastKnownFileType = sourcecode.c.objc; path = CRT_SettingsDelegate.m; sourceTree = "<group>"; };
		4EBD2F7F18B147F70093A21F /* CRT.app */ = {isa = PBXFileReference; explicitFileType = wrapper.application; includeInIndex = 0; path = CRT.app; sourceTree = BUILT_PRODUCTS_DIR; };
		4EBD2F9318B147F70093A21F /* Images.xcassets */ = {isa = PBXFileReference; lastKnownFileType = folder.assetcatalog; path = Images.xcassets; sourceTree = "<group>"; };
		4EBD2FAC18B148340093A21F /* ApplicationDelegate.h */ = {isa = PBXFileReference; fileEncoding = 4; lastKnownFileType = sourcecode.c.h; path = ApplicationDelegate.h; sourceTree = "<group>"; };
		4EBD2FAD18B148340093A21F /* ApplicationDelegate.m */ = {isa = PBXFileReference; fileEncoding = 4; lastKnownFileType = sourcecode.c.objc; path = ApplicationDelegate.m; sourceTree = "<group>"; };
		4EBD2FAE18B148340093A21F /* BackgroundView.h */ = {isa = PBXFileReference; fileEncoding = 4; lastKnownFileType = sourcecode.c.h; path = BackgroundView.h; sourceTree = "<group>"; };
		4EBD2FAF18B148340093A21F /* BackgroundView.m */ = {isa = PBXFileReference; fileEncoding = 4; lastKnownFileType = sourcecode.c.objc; path = BackgroundView.m; sourceTree = "<group>"; };
		4EBD2FB018B148340093A21F /* CRT-Info.plist */ = {isa = PBXFileReference; fileEncoding = 4; lastKnownFileType = text.plist.xml; path = "CRT-Info.plist"; sourceTree = "<group>"; };
		4EBD2FB118B148340093A21F /* CRT-Prefix.pch */ = {isa = PBXFileReference; fileEncoding = 4; lastKnownFileType = sourcecode.c.h; path = "CRT-Prefix.pch"; sourceTree = "<group>"; };
		4EBD2FB918B148340093A21F /* main.m */ = {isa = PBXFileReference; fileEncoding = 4; lastKnownFileType = sourcecode.c.objc; path = main.m; sourceTree = "<group>"; };
		4EBD2FBA18B148340093A21F /* MenubarController.h */ = {isa = PBXFileReference; fileEncoding = 4; lastKnownFileType = sourcecode.c.h; path = MenubarController.h; sourceTree = "<group>"; };
		4EBD2FBB18B148340093A21F /* MenubarController.m */ = {isa = PBXFileReference; fileEncoding = 4; lastKnownFileType = sourcecode.c.objc; path = MenubarController.m; sourceTree = "<group>"; };
		4EBD2FBC18B148340093A21F /* Panel.h */ = {isa = PBXFileReference; fileEncoding = 4; lastKnownFileType = sourcecode.c.h; path = Panel.h; sourceTree = "<group>"; };
		4EBD2FBD18B148340093A21F /* Panel.m */ = {isa = PBXFileReference; fileEncoding = 4; lastKnownFileType = sourcecode.c.objc; path = Panel.m; sourceTree = "<group>"; };
		4EBD2FBE18B148340093A21F /* Panel.xib */ = {isa = PBXFileReference; fileEncoding = 4; lastKnownFileType = file.xib; path = Panel.xib; sourceTree = "<group>"; };
		4EBD2FBF18B148340093A21F /* PanelController.h */ = {isa = PBXFileReference; fileEncoding = 4; lastKnownFileType = sourcecode.c.h; path = PanelController.h; sourceTree = "<group>"; };
		4EBD2FC018B148340093A21F /* PanelController.m */ = {isa = PBXFileReference; fileEncoding = 4; lastKnownFileType = sourcecode.c.objc; path = PanelController.m; sourceTree = "<group>"; };
		4EBD2FC218B148340093A21F /* Popup-Prefix.pch */ = {isa = PBXFileReference; fileEncoding = 4; lastKnownFileType = sourcecode.c.h; path = "Popup-Prefix.pch"; sourceTree = "<group>"; };
		4EBD2FC318B148340093A21F /* Status.png */ = {isa = PBXFileReference; lastKnownFileType = image.png; path = Status.png; sourceTree = "<group>"; };
		4EBD2FC418B148340093A21F /* Status@2x.png */ = {isa = PBXFileReference; lastKnownFileType = image.png; path = "Status@2x.png"; sourceTree = "<group>"; };
		4EBD2FC518B148340093A21F /* StatusHighlighted.png */ = {isa = PBXFileReference; lastKnownFileType = image.png; path = StatusHighlighted.png; sourceTree = "<group>"; };
		4EBD2FC618B148340093A21F /* StatusHighlighted@2x.png */ = {isa = PBXFileReference; lastKnownFileType = image.png; path = "StatusHighlighted@2x.png"; sourceTree = "<group>"; };
		4EBD2FC718B148340093A21F /* StatusItemView.h */ = {isa = PBXFileReference; fileEncoding = 4; lastKnownFileType = sourcecode.c.h; path = StatusItemView.h; sourceTree = "<group>"; };
		4EBD2FC818B148340093A21F /* StatusItemView.m */ = {isa = PBXFileReference; fileEncoding = 4; lastKnownFileType = sourcecode.c.objc; path = StatusItemView.m; sourceTree = "<group>"; };
		4EBD2FDB18B1485E0093A21F /* CRT_Delegate.h */ = {isa = PBXFileReference; fileEncoding = 4; lastKnownFileType = sourcecode.c.h; path = CRT_Delegate.h; sourceTree = "<group>"; };
		4EBD2FDC18B1485E0093A21F /* CRT_Delegate.m */ = {isa = PBXFileReference; fileEncoding = 4; lastKnownFileType = sourcecode.c.objc; path = CRT_Delegate.m; sourceTree = "<group>"; };
		4EBD2FDD18B1485E0093A21F /* NSFileManager+DirectoryLocations.h */ = {isa = PBXFileReference; fileEncoding = 4; lastKnownFileType = sourcecode.c.h; path = "NSFileManager+DirectoryLocations.h"; sourceTree = "<group>"; };
		4EBD2FDE18B1485E0093A21F /* NSFileManager+DirectoryLocations.m */ = {isa = PBXFileReference; fileEncoding = 4; lastKnownFileType = sourcecode.c.objc; path = "NSFileManager+DirectoryLocations.m"; sourceTree = "<group>"; };
		4EBD2FDF18B1485E0093A21F /* README.md */ = {isa = PBXFileReference; fileEncoding = 4; lastKnownFileType = text; path = README.md; sourceTree = "<group>"; };
		4EBD2FE018B1485E0093A21F /* TableData.h */ = {isa = PBXFileReference; fileEncoding = 4; lastKnownFileType = sourcecode.c.h; path = TableData.h; sourceTree = "<group>"; };
		4EBD2FE118B1485E0093A21F /* TableData.m */ = {isa = PBXFileReference; fileEncoding = 4; lastKnownFileType = sourcecode.c.objc; path = TableData.m; sourceTree = "<group>"; };
		4EBD2FE218B1485E0093A21F /* TableRow.h */ = {isa = PBXFileReference; fileEncoding = 4; lastKnownFileType = sourcecode.c.h; path = TableRow.h; sourceTree = "<group>"; };
		4EBD2FE318B1485E0093A21F /* TableRow.m */ = {isa = PBXFileReference; fileEncoding = 4; lastKnownFileType = sourcecode.c.objc; path = TableRow.m; sourceTree = "<group>"; };
		4EBD2FED18B149DB0093A21F /* MainMenu.xib */ = {isa = PBXFileReference; fileEncoding = 4; lastKnownFileType = file.xib; path = MainMenu.xib; sourceTree = "<group>"; };
		4EBD2FEF18B1522E0093A21F /* CRT.entitlements */ = {isa = PBXFileReference; lastKnownFileType = text.xml; path = CRT.entitlements; sourceTree = "<group>"; };
		4EC9E5FE18B1447C00EBE2B8 /* AppKit.framework */ = {isa = PBXFileReference; lastKnownFileType = wrapper.framework; name = AppKit.framework; path = System/Library/Frameworks/AppKit.framework; sourceTree = SDKROOT; };
		4EC9E5FF18B1447C00EBE2B8 /* CoreData.framework */ = {isa = PBXFileReference; lastKnownFileType = wrapper.framework; name = CoreData.framework; path = System/Library/Frameworks/CoreData.framework; sourceTree = SDKROOT; };
		4EC9E60018B1447C00EBE2B8 /* Foundation.framework */ = {isa = PBXFileReference; lastKnownFileType = wrapper.framework; name = Foundation.framework; path = System/Library/Frameworks/Foundation.framework; sourceTree = SDKROOT; };
		4EC9E61A18B1447C00EBE2B8 /* XCTest.framework */ = {isa = PBXFileReference; lastKnownFileType = wrapper.framework; name = XCTest.framework; path = Library/Frameworks/XCTest.framework; sourceTree = DEVELOPER_DIR; };
		DD4F7C0813C30F9F00825C6E /* Cocoa.framework */ = {isa = PBXFileReference; lastKnownFileType = wrapper.framework; name = Cocoa.framework; path = System/Library/Frameworks/Cocoa.framework; sourceTree = SDKROOT; };
		DD4F7C0B13C30F9F00825C6E /* AppKit.framework */ = {isa = PBXFileReference; lastKnownFileType = wrapper.framework; name = AppKit.framework; path = System/Library/Frameworks/AppKit.framework; sourceTree = SDKROOT; };
		DD4F7C0C13C30F9F00825C6E /* CoreData.framework */ = {isa = PBXFileReference; lastKnownFileType = wrapper.framework; name = CoreData.framework; path = System/Library/Frameworks/CoreData.framework; sourceTree = SDKROOT; };
		DD4F7C0D13C30F9F00825C6E /* Foundation.framework */ = {isa = PBXFileReference; lastKnownFileType = wrapper.framework; name = Foundation.framework; path = System/Library/Frameworks/Foundation.framework; sourceTree = SDKROOT; };
/* End PBXFileReference section */

/* Begin PBXFrameworksBuildPhase section */
		4EBD2F7C18B147F70093A21F /* Frameworks */ = {
			isa = PBXFrameworksBuildPhase;
			buildActionMask = 2147483647;
			files = (
				4EBD2F8018B147F70093A21F /* Cocoa.framework in Frameworks */,
			);
			runOnlyForDeploymentPostprocessing = 0;
		};
/* End PBXFrameworksBuildPhase section */

/* Begin PBXGroup section */
		4EBD2F8118B147F70093A21F /* CRT */ = {
			isa = PBXGroup;
			children = (
				4EBD2FEF18B1522E0093A21F /* CRT.entitlements */,
				4EBD2FAC18B148340093A21F /* ApplicationDelegate.h */,
				4EBD2FAD18B148340093A21F /* ApplicationDelegate.m */,
				4EBD2FAE18B148340093A21F /* BackgroundView.h */,
				4EBD2FAF18B148340093A21F /* BackgroundView.m */,
				4EBD2FB018B148340093A21F /* CRT-Info.plist */,
				4EBD2FB118B148340093A21F /* CRT-Prefix.pch */,
				4EBD2FB918B148340093A21F /* main.m */,
				4EBD2FBA18B148340093A21F /* MenubarController.h */,
				4EBD2FBB18B148340093A21F /* MenubarController.m */,
				4EBD2FBC18B148340093A21F /* Panel.h */,
				4EBD2FBD18B148340093A21F /* Panel.m */,
				4EBD2FBE18B148340093A21F /* Panel.xib */,
				4EBD2FBF18B148340093A21F /* PanelController.h */,
				4EBD2FC018B148340093A21F /* PanelController.m */,
				4EBD2FC218B148340093A21F /* Popup-Prefix.pch */,
				4EBD2FC318B148340093A21F /* Status.png */,
				4EBD2FC418B148340093A21F /* Status@2x.png */,
				4EBD2FC518B148340093A21F /* StatusHighlighted.png */,
				4EBD2FC618B148340093A21F /* StatusHighlighted@2x.png */,
				4EBD2FC718B148340093A21F /* StatusItemView.h */,
				4EBD2FC818B148340093A21F /* StatusItemView.m */,
				4EBD2F9318B147F70093A21F /* Images.xcassets */,
				4EBD2FED18B149DB0093A21F /* MainMenu.xib */,
			);
			path = CRT;
			sourceTree = "<group>";
		};
		4EBD2FDA18B1483A0093A21F /* VNC Servers List */ = {
			isa = PBXGroup;
			children = (
				4EBD2FDF18B1485E0093A21F /* README.md */,
				4EBD2FDB18B1485E0093A21F /* CRT_Delegate.h */,
				4EBD2FDC18B1485E0093A21F /* CRT_Delegate.m */,
				4EBD2FDD18B1485E0093A21F /* NSFileManager+DirectoryLocations.h */,
				4EBD2FDE18B1485E0093A21F /* NSFileManager+DirectoryLocations.m */,
				4EBD2FE018B1485E0093A21F /* TableData.h */,
				4EBD2FE118B1485E0093A21F /* TableData.m */,
				4EBD2FE218B1485E0093A21F /* TableRow.h */,
				4EBD2FE318B1485E0093A21F /* TableRow.m */,
				4E7C04F818B2232100C0633E /* CRT_SettingsDelegate.h */,
				4E7C04F918B2232100C0633E /* CRT_SettingsDelegate.m */,
			);
			name = "VNC Servers List";
			sourceTree = "<group>";
		};
		4EC9E5FD18B1447C00EBE2B8 /* Other Frameworks */ = {
			isa = PBXGroup;
			children = (
				4EC9E5FE18B1447C00EBE2B8 /* AppKit.framework */,
				4EC9E5FF18B1447C00EBE2B8 /* CoreData.framework */,
				4EC9E60018B1447C00EBE2B8 /* Foundation.framework */,
			);
			name = "Other Frameworks";
			sourceTree = "<group>";
		};
		DD4F7BF913C30F9F00825C6E = {
			isa = PBXGroup;
			children = (
				4E3B835A18C4F3BD005E5ABF /* CRT_Icon.icns */,
				4EBD2FDA18B1483A0093A21F /* VNC Servers List */,
				4EBD2F8118B147F70093A21F /* CRT */,
				DD4F7C0713C30F9F00825C6E /* Frameworks */,
				DD4F7C0513C30F9F00825C6E /* Products */,
			);
			sourceTree = "<group>";
		};
		DD4F7C0513C30F9F00825C6E /* Products */ = {
			isa = PBXGroup;
			children = (
				4EBD2F7F18B147F70093A21F /* CRT.app */,
			);
			name = Products;
			sourceTree = "<group>";
		};
		DD4F7C0713C30F9F00825C6E /* Frameworks */ = {
			isa = PBXGroup;
			children = (
				DD4F7C0B13C30F9F00825C6E /* AppKit.framework */,
				DD4F7C0C13C30F9F00825C6E /* CoreData.framework */,
				DD4F7C0D13C30F9F00825C6E /* Foundation.framework */,
				DD4F7C0813C30F9F00825C6E /* Cocoa.framework */,
				4EC9E61A18B1447C00EBE2B8 /* XCTest.framework */,
				4EC9E5FD18B1447C00EBE2B8 /* Other Frameworks */,
			);
			name = Frameworks;
			sourceTree = "<group>";
		};
/* End PBXGroup section */

/* Begin PBXNativeTarget section */
		4EBD2F7E18B147F70093A21F /* CRT */ = {
			isa = PBXNativeTarget;
			buildConfigurationList = 4EBD2FA618B147F70093A21F /* Build configuration list for PBXNativeTarget "CRT" */;
			buildPhases = (
				4EBD2F7B18B147F70093A21F /* Sources */,
				4EBD2F7C18B147F70093A21F /* Frameworks */,
				4EBD2F7D18B147F70093A21F /* Resources */,
			);
			buildRules = (
			);
			dependencies = (
			);
			name = CRT;
			productName = CRT;
			productReference = 4EBD2F7F18B147F70093A21F /* CRT.app */;
			productType = "com.apple.product-type.application";
		};
/* End PBXNativeTarget section */

/* Begin PBXProject section */
		DD4F7BFB13C30F9F00825C6E /* Project object */ = {
			isa = PBXProject;
			attributes = {
				LastUpgradeCheck = 0610;
				TargetAttributes = {
					4EBD2F7E18B147F70093A21F = {
						SystemCapabilities = {
							com.apple.Sandbox = {
								enabled = 0;
							};
						};
					};
				};
			};
			buildConfigurationList = DD4F7BFE13C30F9F00825C6E /* Build configuration list for PBXProject "CRT" */;
			compatibilityVersion = "Xcode 3.2";
			developmentRegion = English;
			hasScannedForEncodings = 0;
			knownRegions = (
				en,
				Base,
			);
			mainGroup = DD4F7BF913C30F9F00825C6E;
			productRefGroup = DD4F7C0513C30F9F00825C6E /* Products */;
			projectDirPath = "";
			projectRoot = "";
			targets = (
				4EBD2F7E18B147F70093A21F /* CRT */,
			);
		};
/* End PBXProject section */

/* Begin PBXResourcesBuildPhase section */
		4EBD2F7D18B147F70093A21F /* Resources */ = {
			isa = PBXResourcesBuildPhase;
			buildActionMask = 2147483647;
			files = (
				4EBD2FEE18B149DB0093A21F /* MainMenu.xib in Resources */,
				4EBD2FD518B148340093A21F /* Status.png in Resources */,
				4EBD2FD218B148340093A21F /* Panel.xib in Resources */,
				4EBD2F9418B147F70093A21F /* Images.xcassets in Resources */,
				4E3B835B18C4F3BD005E5ABF /* CRT_Icon.icns in Resources */,
				4EBD2FD618B148340093A21F /* Status@2x.png in Resources */,
				4EBD2FD818B148340093A21F /* StatusHighlighted@2x.png in Resources */,
				4EBD2FE618B1485E0093A21F /* README.md in Resources */,
				4EBD2FD718B148340093A21F /* StatusHighlighted.png in Resources */,
			);
			runOnlyForDeploymentPostprocessing = 0;
		};
/* End PBXResourcesBuildPhase section */

/* Begin PBXSourcesBuildPhase section */
		4EBD2F7B18B147F70093A21F /* Sources */ = {
			isa = PBXSourcesBuildPhase;
			buildActionMask = 2147483647;
			files = (
				4EBD2FD118B148340093A21F /* Panel.m in Sources */,
				4EBD2FE818B1485E0093A21F /* TableRow.m in Sources */,
				4EBD2FE518B1485E0093A21F /* NSFileManager+DirectoryLocations.m in Sources */,
				4EBD2FD918B148340093A21F /* StatusItemView.m in Sources */,
				4EBD2FD318B148340093A21F /* PanelController.m in Sources */,
				4EBD2FE418B1485E0093A21F /* CRT_Delegate.m in Sources */,
				4EBD2FC918B148340093A21F /* ApplicationDelegate.m in Sources */,
				4EBD2FCF18B148340093A21F /* main.m in Sources */,
				4EBD2FCA18B148340093A21F /* BackgroundView.m in Sources */,
				4E7C04FA18B2232100C0633E /* CRT_SettingsDelegate.m in Sources */,
				4EBD2FD018B148340093A21F /* MenubarController.m in Sources */,
				4EBD2FE718B1485E0093A21F /* TableData.m in Sources */,
			);
			runOnlyForDeploymentPostprocessing = 0;
		};
/* End PBXSourcesBuildPhase section */

/* Begin XCBuildConfiguration section */
		4EBD2FA718B147F70093A21F /* Debug */ = {
			isa = XCBuildConfiguration;
			buildSettings = {
				CLANG_CXX_LANGUAGE_STANDARD = "gnu++0x";
				CLANG_CXX_LIBRARY = "libc++";
				CLANG_ENABLE_OBJC_ARC = YES;
				CLANG_WARN_BOOL_CONVERSION = YES;
				CLANG_WARN_DIRECT_OBJC_ISA_USAGE = YES_ERROR;
				CLANG_WARN_EMPTY_BODY = YES;
				CLANG_WARN_OBJC_ROOT_CLASS = YES_ERROR;
				CODE_SIGN_IDENTITY = "-";
				COMBINE_HIDPI_IMAGES = YES;
				GCC_PRECOMPILE_PREFIX_HEADER = YES;
				GCC_PREFIX_HEADER = "CRT/CRT-Prefix.pch";
				GCC_PREPROCESSOR_DEFINITIONS = (
					"DEBUG=1",
					"$(inherited)",
				);
				GCC_WARN_ABOUT_RETURN_TYPE = YES_ERROR;
				GCC_WARN_UNDECLARED_SELECTOR = YES;
				GCC_WARN_UNUSED_FUNCTION = YES;
				INFOPLIST_FILE = "CRT/CRT-Info.plist";
				MACOSX_DEPLOYMENT_TARGET = 10.9;
				PRODUCT_NAME = "$(TARGET_NAME)";
				WRAPPER_EXTENSION = app;
			};
			name = Debug;
		};
		4EBD2FA818B147F70093A21F /* Release */ = {
			isa = XCBuildConfiguration;
			buildSettings = {
				CLANG_CXX_LANGUAGE_STANDARD = "gnu++0x";
				CLANG_CXX_LIBRARY = "libc++";
				CLANG_ENABLE_OBJC_ARC = YES;
				CLANG_WARN_BOOL_CONVERSION = YES;
				CLANG_WARN_DIRECT_OBJC_ISA_USAGE = YES_ERROR;
				CLANG_WARN_EMPTY_BODY = YES;
				CLANG_WARN_OBJC_ROOT_CLASS = YES_ERROR;
				CODE_SIGN_IDENTITY = "-";
				COMBINE_HIDPI_IMAGES = YES;
				ENABLE_NS_ASSERTIONS = NO;
				GCC_PRECOMPILE_PREFIX_HEADER = YES;
				GCC_PREFIX_HEADER = "CRT/CRT-Prefix.pch";
				GCC_WARN_ABOUT_RETURN_TYPE = YES_ERROR;
				GCC_WARN_UNDECLARED_SELECTOR = YES;
				GCC_WARN_UNUSED_FUNCTION = YES;
				INFOPLIST_FILE = "CRT/CRT-Info.plist";
				MACOSX_DEPLOYMENT_TARGET = 10.9;
				PRODUCT_NAME = "$(TARGET_NAME)";
				WRAPPER_EXTENSION = app;
			};
			name = Release;
		};
		DD4F7C2013C30F9F00825C6E /* Debug */ = {
			isa = XCBuildConfiguration;
			buildSettings = {
				ALWAYS_SEARCH_USER_PATHS = NO;
				CLANG_WARN_BOOL_CONVERSION = YES;
				CLANG_WARN_CONSTANT_CONVERSION = YES;
				CLANG_WARN_EMPTY_BODY = YES;
				CLANG_WARN_ENUM_CONVERSION = YES;
				CLANG_WARN_INT_CONVERSION = YES;
				CLANG_WARN_UNREACHABLE_CODE = YES;
				CLANG_WARN__DUPLICATE_METHOD_MATCH = YES;
				COPY_PHASE_STRIP = NO;
				ENABLE_STRICT_OBJC_MSGSEND = YES;
				GCC_C_LANGUAGE_STANDARD = gnu99;
				GCC_DYNAMIC_NO_PIC = NO;
				GCC_ENABLE_OBJC_EXCEPTIONS = YES;
				GCC_OPTIMIZATION_LEVEL = 0;
				GCC_PREPROCESSOR_DEFINITIONS = (
					"DEBUG=1",
					"$(inherited)",
				);
				GCC_SYMBOLS_PRIVATE_EXTERN = NO;
				GCC_VERSION = com.apple.compilers.llvm.clang.1_0;
				GCC_WARN_64_TO_32_BIT_CONVERSION = YES;
				GCC_WARN_ABOUT_MISSING_PROTOTYPES = YES;
				GCC_WARN_ABOUT_RETURN_TYPE = YES;
				GCC_WARN_UNDECLARED_SELECTOR = YES;
				GCC_WARN_UNINITIALIZED_AUTOS = YES;
				GCC_WARN_UNUSED_FUNCTION = YES;
				GCC_WARN_UNUSED_VARIABLE = YES;
				MACOSX_DEPLOYMENT_TARGET = 10.6;
				ONLY_ACTIVE_ARCH = YES;
				SDKROOT = macosx;
			};
			name = Debug;
		};
		DD4F7C2113C30F9F00825C6E /* Release */ = {
			isa = XCBuildConfiguration;
			buildSettings = {
				ALWAYS_SEARCH_USER_PATHS = NO;
				CLANG_WARN_BOOL_CONVERSION = YES;
				CLANG_WARN_CONSTANT_CONVERSION = YES;
				CLANG_WARN_EMPTY_BODY = YES;
				CLANG_WARN_ENUM_CONVERSION = YES;
				CLANG_WARN_INT_CONVERSION = YES;
				CLANG_WARN_UNREACHABLE_CODE = YES;
				CLANG_WARN__DUPLICATE_METHOD_MATCH = YES;
				COPY_PHASE_STRIP = YES;
				DEBUG_INFORMATION_FORMAT = "dwarf-with-dsym";
				ENABLE_STRICT_OBJC_MSGSEND = YES;
				GCC_C_LANGUAGE_STANDARD = gnu99;
				GCC_ENABLE_OBJC_EXCEPTIONS = YES;
				GCC_VERSION = com.apple.compilers.llvm.clang.1_0;
				GCC_WARN_64_TO_32_BIT_CONVERSION = YES;
				GCC_WARN_ABOUT_MISSING_PROTOTYPES = YES;
				GCC_WARN_ABOUT_RETURN_TYPE = YES;
				GCC_WARN_UNDECLARED_SELECTOR = YES;
				GCC_WARN_UNINITIALIZED_AUTOS = YES;
				GCC_WARN_UNUSED_FUNCTION = YES;
				GCC_WARN_UNUSED_VARIABLE = YES;
				MACOSX_DEPLOYMENT_TARGET = 10.6;
				SDKROOT = macosx;
			};
			name = Release;
		};
/* End XCBuildConfiguration section */

/* Begin XCConfigurationList section */
		4EBD2FA618B147F70093A21F /* Build configuration list for PBXNativeTarget "CRT" */ = {
			isa = XCConfigurationList;
			buildConfigurations = (
				4EBD2FA718B147F70093A21F /* Debug */,
				4EBD2FA818B147F70093A21F /* Release */,
			);
			defaultConfigurationIsVisible = 0;
			defaultConfigurationName = Release;
		};
		DD4F7BFE13C30F9F00825C6E /* Build configuration list for PBXProject "CRT" */ = {
			isa = XCConfigurationList;
			buildConfigurations = (
				DD4F7C2013C30F9F00825C6E /* Debug */,
				DD4F7C2113C30F9F00825C6E /* Release */,
			);
			defaultConfigurationIsVisible = 0;
			defaultConfigurationName = Release;
		};
/* End XCConfigurationList section */
	};
	rootObject = DD4F7BFB13C30F9F00825C6E /* Project object */;
}
